// !$*UTF8*$!
{
	archiveVersion = 1;
	classes = {
	};
	objectVersion = 56;
	objects = {

/* Begin PBXBuildFile section */
		6BB970862AD13B2A00A6E46E /* DocumentSummarizerApp.swift in Sources */ = {isa = PBXBuildFile; fileRef = 6BB970852AD13B2A00A6E46E /* DocumentSummarizerApp.swift */; };
		6BB970882AD13B2A00A6E46E /* Document.swift in Sources */ = {isa = PBXBuildFile; fileRef = 6BB970872AD13B2A00A6E46E /* Document.swift */; };
		6BB9708C2AD13B2B00A6E46E /* Assets.xcassets in Resources */ = {isa = PBXBuildFile; fileRef = 6BB9708B2AD13B2B00A6E46E /* Assets.xcassets */; };
		6BB9708F2AD13B2B00A6E46E /* Preview Assets.xcassets in Resources */ = {isa = PBXBuildFile; fileRef = 6BB9708E2AD13B2B00A6E46E /* Preview Assets.xcassets */; };
		6BB970982AD141DE00A6E46E /* PDFKitView.swift in Sources */ = {isa = PBXBuildFile; fileRef = 6BB970972AD141DE00A6E46E /* PDFKitView.swift */; };
		6BB9709C2AD143CA00A6E46E /* MainView.swift in Sources */ = {isa = PBXBuildFile; fileRef = 6BB9709B2AD143CA00A6E46E /* MainView.swift */; };
		6BB970A12AD1588700A6E46E /* Images.swift in Sources */ = {isa = PBXBuildFile; fileRef = 6BB970A02AD1588700A6E46E /* Images.swift */; };
		6BB970A32AD158C500A6E46E /* Localizable.xcstrings in Resources */ = {isa = PBXBuildFile; fileRef = 6BB970A22AD158C500A6E46E /* Localizable.xcstrings */; };
		6BB970A52AD15D6D00A6E46E /* Localization.swift in Sources */ = {isa = PBXBuildFile; fileRef = 6BB970A42AD15D6D00A6E46E /* Localization.swift */; };
		6BB970AA2AD16A4800A6E46E /* SummarizationService.swift in Sources */ = {isa = PBXBuildFile; fileRef = 6BB970A92AD16A4800A6E46E /* SummarizationService.swift */; };
		6BB970B72AD2618500A6E46E /* Transformers in Frameworks */ = {isa = PBXBuildFile; productRef = 6BB970B62AD2618500A6E46E /* Transformers */; };
		6BB970B92AD2618500A6E46E /* transformers in Frameworks */ = {isa = PBXBuildFile; productRef = 6BB970B82AD2618500A6E46E /* transformers */; };
		6BE45D012AD3654E00D7DC08 /* SummarizationServiceTests.swift in Sources */ = {isa = PBXBuildFile; fileRef = 6BE45D002AD3654E00D7DC08 /* SummarizationServiceTests.swift */; };
		6BFA659B2AD51FF100022C94 /* MainViewModel.swift in Sources */ = {isa = PBXBuildFile; fileRef = 6BFA659A2AD51FF100022C94 /* MainViewModel.swift */; };
		6BFA65A92AD5456A00022C94 /* QuestionAnswerService.swift in Sources */ = {isa = PBXBuildFile; fileRef = 6BFA65A82AD5456A00022C94 /* QuestionAnswerService.swift */; };
		6BFA65AB2AD5D26100022C94 /* QuestionAnswerServiceTests.swift in Sources */ = {isa = PBXBuildFile; fileRef = 6BFA65AA2AD5D26100022C94 /* QuestionAnswerServiceTests.swift */; };
		6BFA65AD2AD5E0D200022C94 /* ChatView.swift in Sources */ = {isa = PBXBuildFile; fileRef = 6BFA65AC2AD5E0D200022C94 /* ChatView.swift */; };
		6BFA65AF2AD5E26D00022C94 /* ChatBubbleView.swift in Sources */ = {isa = PBXBuildFile; fileRef = 6BFA65AE2AD5E26D00022C94 /* ChatBubbleView.swift */; };
		6BFA65B12AD5E3E100022C94 /* ChatViewModel.swift in Sources */ = {isa = PBXBuildFile; fileRef = 6BFA65B02AD5E3E100022C94 /* ChatViewModel.swift */; };
		6BFA65B42AD5EB8400022C94 /* BorderlessImageButtonStyle.swift in Sources */ = {isa = PBXBuildFile; fileRef = 6BFA65B32AD5EB8400022C94 /* BorderlessImageButtonStyle.swift */; };
		6BFA65B62AD5F7BB00022C94 /* HorizontalSplitView.swift in Sources */ = {isa = PBXBuildFile; fileRef = 6BFA65B52AD5F7BB00022C94 /* HorizontalSplitView.swift */; };
/* End PBXBuildFile section */

/* Begin PBXContainerItemProxy section */
		6BE45D022AD3654E00D7DC08 /* PBXContainerItemProxy */ = {
			isa = PBXContainerItemProxy;
			containerPortal = 6BB9707A2AD13B2A00A6E46E /* Project object */;
			proxyType = 1;
			remoteGlobalIDString = 6BB970812AD13B2A00A6E46E;
			remoteInfo = DocumentSummarizer;
		};
/* End PBXContainerItemProxy section */

/* Begin PBXFileReference section */
		6BB970822AD13B2A00A6E46E /* DocumentSummarizer.app */ = {isa = PBXFileReference; explicitFileType = wrapper.application; includeInIndex = 0; path = DocumentSummarizer.app; sourceTree = BUILT_PRODUCTS_DIR; };
		6BB970852AD13B2A00A6E46E /* DocumentSummarizerApp.swift */ = {isa = PBXFileReference; lastKnownFileType = sourcecode.swift; path = DocumentSummarizerApp.swift; sourceTree = "<group>"; };
		6BB970872AD13B2A00A6E46E /* Document.swift */ = {isa = PBXFileReference; lastKnownFileType = sourcecode.swift; path = Document.swift; sourceTree = "<group>"; };
		6BB9708B2AD13B2B00A6E46E /* Assets.xcassets */ = {isa = PBXFileReference; lastKnownFileType = folder.assetcatalog; path = Assets.xcassets; sourceTree = "<group>"; };
		6BB9708E2AD13B2B00A6E46E /* Preview Assets.xcassets */ = {isa = PBXFileReference; lastKnownFileType = folder.assetcatalog; path = "Preview Assets.xcassets"; sourceTree = "<group>"; };
		6BB970902AD13B2B00A6E46E /* Info.plist */ = {isa = PBXFileReference; lastKnownFileType = text.plist.xml; path = Info.plist; sourceTree = "<group>"; };
		6BB970912AD13B2B00A6E46E /* DocumentSummarizer.entitlements */ = {isa = PBXFileReference; lastKnownFileType = text.plist.entitlements; path = DocumentSummarizer.entitlements; sourceTree = "<group>"; };
		6BB970972AD141DE00A6E46E /* PDFKitView.swift */ = {isa = PBXFileReference; lastKnownFileType = sourcecode.swift; path = PDFKitView.swift; sourceTree = "<group>"; };
		6BB9709B2AD143CA00A6E46E /* MainView.swift */ = {isa = PBXFileReference; lastKnownFileType = sourcecode.swift; path = MainView.swift; sourceTree = "<group>"; };
		6BB970A02AD1588700A6E46E /* Images.swift */ = {isa = PBXFileReference; lastKnownFileType = sourcecode.swift; path = Images.swift; sourceTree = "<group>"; };
		6BB970A22AD158C500A6E46E /* Localizable.xcstrings */ = {isa = PBXFileReference; lastKnownFileType = text.json.xcstrings; path = Localizable.xcstrings; sourceTree = "<group>"; };
		6BB970A42AD15D6D00A6E46E /* Localization.swift */ = {isa = PBXFileReference; lastKnownFileType = sourcecode.swift; path = Localization.swift; sourceTree = "<group>"; };
		6BB970A92AD16A4800A6E46E /* SummarizationService.swift */ = {isa = PBXFileReference; lastKnownFileType = sourcecode.swift; path = SummarizationService.swift; sourceTree = "<group>"; };
		6BE45CFE2AD3654E00D7DC08 /* DocumentSummarizer.UnitTests.xctest */ = {isa = PBXFileReference; explicitFileType = wrapper.cfbundle; includeInIndex = 0; path = DocumentSummarizer.UnitTests.xctest; sourceTree = BUILT_PRODUCTS_DIR; };
		6BE45D002AD3654E00D7DC08 /* SummarizationServiceTests.swift */ = {isa = PBXFileReference; lastKnownFileType = sourcecode.swift; path = SummarizationServiceTests.swift; sourceTree = "<group>"; };
		6BE45D072AD3871B00D7DC08 /* DocumentSummarizer.xctestplan */ = {isa = PBXFileReference; lastKnownFileType = text; path = DocumentSummarizer.xctestplan; sourceTree = "<group>"; };
		6BFA659A2AD51FF100022C94 /* MainViewModel.swift */ = {isa = PBXFileReference; lastKnownFileType = sourcecode.swift; path = MainViewModel.swift; sourceTree = "<group>"; };
		6BFA65A82AD5456A00022C94 /* QuestionAnswerService.swift */ = {isa = PBXFileReference; lastKnownFileType = sourcecode.swift; path = QuestionAnswerService.swift; sourceTree = "<group>"; };
		6BFA65AA2AD5D26100022C94 /* QuestionAnswerServiceTests.swift */ = {isa = PBXFileReference; lastKnownFileType = sourcecode.swift; path = QuestionAnswerServiceTests.swift; sourceTree = "<group>"; };
		6BFA65AC2AD5E0D200022C94 /* ChatView.swift */ = {isa = PBXFileReference; lastKnownFileType = sourcecode.swift; path = ChatView.swift; sourceTree = "<group>"; };
		6BFA65AE2AD5E26D00022C94 /* ChatBubbleView.swift */ = {isa = PBXFileReference; lastKnownFileType = sourcecode.swift; path = ChatBubbleView.swift; sourceTree = "<group>"; };
		6BFA65B02AD5E3E100022C94 /* ChatViewModel.swift */ = {isa = PBXFileReference; lastKnownFileType = sourcecode.swift; path = ChatViewModel.swift; sourceTree = "<group>"; };
		6BFA65B32AD5EB8400022C94 /* BorderlessImageButtonStyle.swift */ = {isa = PBXFileReference; lastKnownFileType = sourcecode.swift; path = BorderlessImageButtonStyle.swift; sourceTree = "<group>"; };
		6BFA65B52AD5F7BB00022C94 /* HorizontalSplitView.swift */ = {isa = PBXFileReference; lastKnownFileType = sourcecode.swift; path = HorizontalSplitView.swift; sourceTree = "<group>"; };
/* End PBXFileReference section */

/* Begin PBXFrameworksBuildPhase section */
		6BB9707F2AD13B2A00A6E46E /* Frameworks */ = {
			isa = PBXFrameworksBuildPhase;
			buildActionMask = 2147483647;
			files = (
				6BB970B92AD2618500A6E46E /* transformers in Frameworks */,
				6BB970B72AD2618500A6E46E /* Transformers in Frameworks */,
			);
			runOnlyForDeploymentPostprocessing = 0;
		};
		6BE45CFB2AD3654E00D7DC08 /* Frameworks */ = {
			isa = PBXFrameworksBuildPhase;
			buildActionMask = 2147483647;
			files = (
			);
			runOnlyForDeploymentPostprocessing = 0;
		};
/* End PBXFrameworksBuildPhase section */

/* Begin PBXGroup section */
		6BB970792AD13B2A00A6E46E = {
			isa = PBXGroup;
			children = (
				6BE45D072AD3871B00D7DC08 /* DocumentSummarizer.xctestplan */,
				6BB970842AD13B2A00A6E46E /* DocumentSummarizer */,
				6BE45CFF2AD3654E00D7DC08 /* DocumentSummarizer.UnitTests */,
				6BB970832AD13B2A00A6E46E /* Products */,
			);
			sourceTree = "<group>";
		};
		6BB970832AD13B2A00A6E46E /* Products */ = {
			isa = PBXGroup;
			children = (
				6BB970822AD13B2A00A6E46E /* DocumentSummarizer.app */,
				6BE45CFE2AD3654E00D7DC08 /* DocumentSummarizer.UnitTests.xctest */,
			);
			name = Products;
			sourceTree = "<group>";
		};
		6BB970842AD13B2A00A6E46E /* DocumentSummarizer */ = {
			isa = PBXGroup;
			children = (
				6BB970912AD13B2B00A6E46E /* DocumentSummarizer.entitlements */,
				6BB970902AD13B2B00A6E46E /* Info.plist */,
				6BB970852AD13B2A00A6E46E /* DocumentSummarizerApp.swift */,
				6BB9709E2AD1586F00A6E46E /* Constants */,
				6BB9709D2AD1579D00A6E46E /* Documents */,
				6BB970A62AD161E000A6E46E /* Models */,
				6BB9708D2AD13B2B00A6E46E /* Preview Content */,
				6BB9709A2AD141FC00A6E46E /* Resources */,
				6BB9709F2AD1587600A6E46E /* Services */,
				6BFA65B22AD5EB6B00022C94 /* Styles */,
				6BFA65992AD51FD500022C94 /* ViewModels */,
				6BB970992AD141F300A6E46E /* Views */,
			);
			path = DocumentSummarizer;
			sourceTree = "<group>";
		};
		6BB9708D2AD13B2B00A6E46E /* Preview Content */ = {
			isa = PBXGroup;
			children = (
				6BB9708E2AD13B2B00A6E46E /* Preview Assets.xcassets */,
			);
			path = "Preview Content";
			sourceTree = "<group>";
		};
		6BB970992AD141F300A6E46E /* Views */ = {
			isa = PBXGroup;
			children = (
				6BFA65AE2AD5E26D00022C94 /* ChatBubbleView.swift */,
				6BFA65AC2AD5E0D200022C94 /* ChatView.swift */,
				6BFA65B52AD5F7BB00022C94 /* HorizontalSplitView.swift */,
				6BB9709B2AD143CA00A6E46E /* MainView.swift */,
				6BB970972AD141DE00A6E46E /* PDFKitView.swift */,
			);
			path = Views;
			sourceTree = "<group>";
		};
		6BB9709A2AD141FC00A6E46E /* Resources */ = {
			isa = PBXGroup;
			children = (
				6BB9708B2AD13B2B00A6E46E /* Assets.xcassets */,
				6BB970A22AD158C500A6E46E /* Localizable.xcstrings */,
			);
			path = Resources;
			sourceTree = "<group>";
		};
		6BB9709D2AD1579D00A6E46E /* Documents */ = {
			isa = PBXGroup;
			children = (
				6BB970872AD13B2A00A6E46E /* Document.swift */,
			);
			path = Documents;
			sourceTree = "<group>";
		};
		6BB9709E2AD1586F00A6E46E /* Constants */ = {
			isa = PBXGroup;
			children = (
				6BB970A02AD1588700A6E46E /* Images.swift */,
				6BB970A42AD15D6D00A6E46E /* Localization.swift */,
			);
			path = Constants;
			sourceTree = "<group>";
		};
		6BB9709F2AD1587600A6E46E /* Services */ = {
			isa = PBXGroup;
			children = (
				6BFA65A82AD5456A00022C94 /* QuestionAnswerService.swift */,
				6BB970A92AD16A4800A6E46E /* SummarizationService.swift */,
			);
			path = Services;
			sourceTree = "<group>";
		};
		6BB970A62AD161E000A6E46E /* Models */ = {
			isa = PBXGroup;
			children = (
			);
			path = Models;
			sourceTree = "<group>";
		};
		6BE45CFF2AD3654E00D7DC08 /* DocumentSummarizer.UnitTests */ = {
			isa = PBXGroup;
			children = (
				6BE45D002AD3654E00D7DC08 /* SummarizationServiceTests.swift */,
				6BFA65AA2AD5D26100022C94 /* QuestionAnswerServiceTests.swift */,
			);
			path = DocumentSummarizer.UnitTests;
			sourceTree = "<group>";
		};
		6BFA65992AD51FD500022C94 /* ViewModels */ = {
			isa = PBXGroup;
			children = (
				6BFA65B02AD5E3E100022C94 /* ChatViewModel.swift */,
				6BFA659A2AD51FF100022C94 /* MainViewModel.swift */,
			);
			path = ViewModels;
			sourceTree = "<group>";
		};
		6BFA65B22AD5EB6B00022C94 /* Styles */ = {
			isa = PBXGroup;
			children = (
				6BFA65B32AD5EB8400022C94 /* BorderlessImageButtonStyle.swift */,
			);
			path = Styles;
			sourceTree = "<group>";
		};
/* End PBXGroup section */

/* Begin PBXNativeTarget section */
		6BB970812AD13B2A00A6E46E /* DocumentSummarizer */ = {
			isa = PBXNativeTarget;
			buildConfigurationList = 6BB970942AD13B2B00A6E46E /* Build configuration list for PBXNativeTarget "DocumentSummarizer" */;
			buildPhases = (
				6BB9707E2AD13B2A00A6E46E /* Sources */,
				6BB9707F2AD13B2A00A6E46E /* Frameworks */,
				6BB970802AD13B2A00A6E46E /* Resources */,
			);
			buildRules = (
			);
			dependencies = (
			);
			name = DocumentSummarizer;
			packageProductDependencies = (
				6BB970B62AD2618500A6E46E /* Transformers */,
				6BB970B82AD2618500A6E46E /* transformers */,
			);
			productName = DocumentSummarizer;
			productReference = 6BB970822AD13B2A00A6E46E /* DocumentSummarizer.app */;
			productType = "com.apple.product-type.application";
		};
		6BE45CFD2AD3654E00D7DC08 /* DocumentSummarizer.UnitTests */ = {
			isa = PBXNativeTarget;
			buildConfigurationList = 6BE45D042AD3654E00D7DC08 /* Build configuration list for PBXNativeTarget "DocumentSummarizer.UnitTests" */;
			buildPhases = (
				6BE45CFA2AD3654E00D7DC08 /* Sources */,
				6BE45CFB2AD3654E00D7DC08 /* Frameworks */,
				6BE45CFC2AD3654E00D7DC08 /* Resources */,
			);
			buildRules = (
			);
			dependencies = (
				6BE45D032AD3654E00D7DC08 /* PBXTargetDependency */,
			);
			name = DocumentSummarizer.UnitTests;
			productName = DocumentSummarizer.UnitTests;
			productReference = 6BE45CFE2AD3654E00D7DC08 /* DocumentSummarizer.UnitTests.xctest */;
			productType = "com.apple.product-type.bundle.unit-test";
		};
/* End PBXNativeTarget section */

/* Begin PBXProject section */
		6BB9707A2AD13B2A00A6E46E /* Project object */ = {
			isa = PBXProject;
			attributes = {
				BuildIndependentTargetsInParallel = 1;
				LastSwiftUpdateCheck = 1500;
				LastUpgradeCheck = 1500;
				TargetAttributes = {
					6BB970812AD13B2A00A6E46E = {
						CreatedOnToolsVersion = 15.0;
					};
					6BE45CFD2AD3654E00D7DC08 = {
						CreatedOnToolsVersion = 15.0;
						TestTargetID = 6BB970812AD13B2A00A6E46E;
					};
				};
			};
			buildConfigurationList = 6BB9707D2AD13B2A00A6E46E /* Build configuration list for PBXProject "DocumentSummarizer" */;
			compatibilityVersion = "Xcode 14.0";
			developmentRegion = en;
			hasScannedForEncodings = 0;
			knownRegions = (
				en,
				Base,
			);
			mainGroup = 6BB970792AD13B2A00A6E46E;
			packageReferences = (
				6BB970B52AD2618500A6E46E /* XCRemoteSwiftPackageReference "swift-transformers" */,
			);
			productRefGroup = 6BB970832AD13B2A00A6E46E /* Products */;
			projectDirPath = "";
			projectRoot = "";
			targets = (
				6BB970812AD13B2A00A6E46E /* DocumentSummarizer */,
				6BE45CFD2AD3654E00D7DC08 /* DocumentSummarizer.UnitTests */,
			);
		};
/* End PBXProject section */

/* Begin PBXResourcesBuildPhase section */
		6BB970802AD13B2A00A6E46E /* Resources */ = {
			isa = PBXResourcesBuildPhase;
			buildActionMask = 2147483647;
			files = (
				6BB9708F2AD13B2B00A6E46E /* Preview Assets.xcassets in Resources */,
				6BB9708C2AD13B2B00A6E46E /* Assets.xcassets in Resources */,
				6BB970A32AD158C500A6E46E /* Localizable.xcstrings in Resources */,
			);
			runOnlyForDeploymentPostprocessing = 0;
		};
		6BE45CFC2AD3654E00D7DC08 /* Resources */ = {
			isa = PBXResourcesBuildPhase;
			buildActionMask = 2147483647;
			files = (
			);
			runOnlyForDeploymentPostprocessing = 0;
		};
/* End PBXResourcesBuildPhase section */

/* Begin PBXSourcesBuildPhase section */
		6BB9707E2AD13B2A00A6E46E /* Sources */ = {
			isa = PBXSourcesBuildPhase;
			buildActionMask = 2147483647;
			files = (
				6BB970882AD13B2A00A6E46E /* Document.swift in Sources */,
				6BB970982AD141DE00A6E46E /* PDFKitView.swift in Sources */,
				6BFA65B42AD5EB8400022C94 /* BorderlessImageButtonStyle.swift in Sources */,
				6BFA65B62AD5F7BB00022C94 /* HorizontalSplitView.swift in Sources */,
				6BFA65AD2AD5E0D200022C94 /* ChatView.swift in Sources */,
				6BB970A52AD15D6D00A6E46E /* Localization.swift in Sources */,
				6BFA65A92AD5456A00022C94 /* QuestionAnswerService.swift in Sources */,
				6BB970A12AD1588700A6E46E /* Images.swift in Sources */,
				6BB970AA2AD16A4800A6E46E /* SummarizationService.swift in Sources */,
				6BB970862AD13B2A00A6E46E /* DocumentSummarizerApp.swift in Sources */,
				6BB9709C2AD143CA00A6E46E /* MainView.swift in Sources */,
				6BFA659B2AD51FF100022C94 /* MainViewModel.swift in Sources */,
				6BFA65B12AD5E3E100022C94 /* ChatViewModel.swift in Sources */,
				6BFA65AF2AD5E26D00022C94 /* ChatBubbleView.swift in Sources */,
			);
			runOnlyForDeploymentPostprocessing = 0;
		};
		6BE45CFA2AD3654E00D7DC08 /* Sources */ = {
			isa = PBXSourcesBuildPhase;
			buildActionMask = 2147483647;
			files = (
				6BFA65AB2AD5D26100022C94 /* QuestionAnswerServiceTests.swift in Sources */,
				6BE45D012AD3654E00D7DC08 /* SummarizationServiceTests.swift in Sources */,
			);
			runOnlyForDeploymentPostprocessing = 0;
		};
/* End PBXSourcesBuildPhase section */

/* Begin PBXTargetDependency section */
		6BE45D032AD3654E00D7DC08 /* PBXTargetDependency */ = {
			isa = PBXTargetDependency;
			target = 6BB970812AD13B2A00A6E46E /* DocumentSummarizer */;
			targetProxy = 6BE45D022AD3654E00D7DC08 /* PBXContainerItemProxy */;
		};
/* End PBXTargetDependency section */

/* Begin XCBuildConfiguration section */
		6BB970922AD13B2B00A6E46E /* Debug */ = {
			isa = XCBuildConfiguration;
			buildSettings = {
				ALWAYS_SEARCH_USER_PATHS = NO;
				ASSETCATALOG_COMPILER_GENERATE_SWIFT_ASSET_SYMBOL_EXTENSIONS = YES;
				CLANG_ANALYZER_NONNULL = YES;
				CLANG_ANALYZER_NUMBER_OBJECT_CONVERSION = YES_AGGRESSIVE;
				CLANG_CXX_LANGUAGE_STANDARD = "gnu++20";
				CLANG_ENABLE_MODULES = YES;
				CLANG_ENABLE_OBJC_ARC = YES;
				CLANG_ENABLE_OBJC_WEAK = YES;
				CLANG_WARN_BLOCK_CAPTURE_AUTORELEASING = YES;
				CLANG_WARN_BOOL_CONVERSION = YES;
				CLANG_WARN_COMMA = YES;
				CLANG_WARN_CONSTANT_CONVERSION = YES;
				CLANG_WARN_DEPRECATED_OBJC_IMPLEMENTATIONS = YES;
				CLANG_WARN_DIRECT_OBJC_ISA_USAGE = YES_ERROR;
				CLANG_WARN_DOCUMENTATION_COMMENTS = YES;
				CLANG_WARN_EMPTY_BODY = YES;
				CLANG_WARN_ENUM_CONVERSION = YES;
				CLANG_WARN_INFINITE_RECURSION = YES;
				CLANG_WARN_INT_CONVERSION = YES;
				CLANG_WARN_NON_LITERAL_NULL_CONVERSION = YES;
				CLANG_WARN_OBJC_IMPLICIT_RETAIN_SELF = YES;
				CLANG_WARN_OBJC_LITERAL_CONVERSION = YES;
				CLANG_WARN_OBJC_ROOT_CLASS = YES_ERROR;
				CLANG_WARN_QUOTED_INCLUDE_IN_FRAMEWORK_HEADER = YES;
				CLANG_WARN_RANGE_LOOP_ANALYSIS = YES;
				CLANG_WARN_STRICT_PROTOTYPES = YES;
				CLANG_WARN_SUSPICIOUS_MOVE = YES;
				CLANG_WARN_UNGUARDED_AVAILABILITY = YES_AGGRESSIVE;
				CLANG_WARN_UNREACHABLE_CODE = YES;
				CLANG_WARN__DUPLICATE_METHOD_MATCH = YES;
				COPY_PHASE_STRIP = NO;
				DEBUG_INFORMATION_FORMAT = dwarf;
				ENABLE_STRICT_OBJC_MSGSEND = YES;
				ENABLE_TESTABILITY = YES;
				ENABLE_USER_SCRIPT_SANDBOXING = YES;
				GCC_C_LANGUAGE_STANDARD = gnu17;
				GCC_DYNAMIC_NO_PIC = NO;
				GCC_NO_COMMON_BLOCKS = YES;
				GCC_OPTIMIZATION_LEVEL = 0;
				GCC_PREPROCESSOR_DEFINITIONS = (
					"DEBUG=1",
					"$(inherited)",
				);
				GCC_WARN_64_TO_32_BIT_CONVERSION = YES;
				GCC_WARN_ABOUT_RETURN_TYPE = YES_ERROR;
				GCC_WARN_UNDECLARED_SELECTOR = YES;
				GCC_WARN_UNINITIALIZED_AUTOS = YES_AGGRESSIVE;
				GCC_WARN_UNUSED_FUNCTION = YES;
				GCC_WARN_UNUSED_VARIABLE = YES;
				LOCALIZATION_PREFERS_STRING_CATALOGS = YES;
				MACOSX_DEPLOYMENT_TARGET = 14.0;
				MTL_ENABLE_DEBUG_INFO = INCLUDE_SOURCE;
				MTL_FAST_MATH = YES;
				ONLY_ACTIVE_ARCH = YES;
				SDKROOT = macosx;
				SWIFT_ACTIVE_COMPILATION_CONDITIONS = "DEBUG $(inherited)";
				SWIFT_OPTIMIZATION_LEVEL = "-Onone";
			};
			name = Debug;
		};
		6BB970932AD13B2B00A6E46E /* Release */ = {
			isa = XCBuildConfiguration;
			buildSettings = {
				ALWAYS_SEARCH_USER_PATHS = NO;
				ASSETCATALOG_COMPILER_GENERATE_SWIFT_ASSET_SYMBOL_EXTENSIONS = YES;
				CLANG_ANALYZER_NONNULL = YES;
				CLANG_ANALYZER_NUMBER_OBJECT_CONVERSION = YES_AGGRESSIVE;
				CLANG_CXX_LANGUAGE_STANDARD = "gnu++20";
				CLANG_ENABLE_MODULES = YES;
				CLANG_ENABLE_OBJC_ARC = YES;
				CLANG_ENABLE_OBJC_WEAK = YES;
				CLANG_WARN_BLOCK_CAPTURE_AUTORELEASING = YES;
				CLANG_WARN_BOOL_CONVERSION = YES;
				CLANG_WARN_COMMA = YES;
				CLANG_WARN_CONSTANT_CONVERSION = YES;
				CLANG_WARN_DEPRECATED_OBJC_IMPLEMENTATIONS = YES;
				CLANG_WARN_DIRECT_OBJC_ISA_USAGE = YES_ERROR;
				CLANG_WARN_DOCUMENTATION_COMMENTS = YES;
				CLANG_WARN_EMPTY_BODY = YES;
				CLANG_WARN_ENUM_CONVERSION = YES;
				CLANG_WARN_INFINITE_RECURSION = YES;
				CLANG_WARN_INT_CONVERSION = YES;
				CLANG_WARN_NON_LITERAL_NULL_CONVERSION = YES;
				CLANG_WARN_OBJC_IMPLICIT_RETAIN_SELF = YES;
				CLANG_WARN_OBJC_LITERAL_CONVERSION = YES;
				CLANG_WARN_OBJC_ROOT_CLASS = YES_ERROR;
				CLANG_WARN_QUOTED_INCLUDE_IN_FRAMEWORK_HEADER = YES;
				CLANG_WARN_RANGE_LOOP_ANALYSIS = YES;
				CLANG_WARN_STRICT_PROTOTYPES = YES;
				CLANG_WARN_SUSPICIOUS_MOVE = YES;
				CLANG_WARN_UNGUARDED_AVAILABILITY = YES_AGGRESSIVE;
				CLANG_WARN_UNREACHABLE_CODE = YES;
				CLANG_WARN__DUPLICATE_METHOD_MATCH = YES;
				COPY_PHASE_STRIP = NO;
				DEBUG_INFORMATION_FORMAT = "dwarf-with-dsym";
				ENABLE_NS_ASSERTIONS = NO;
				ENABLE_STRICT_OBJC_MSGSEND = YES;
				ENABLE_USER_SCRIPT_SANDBOXING = YES;
				GCC_C_LANGUAGE_STANDARD = gnu17;
				GCC_NO_COMMON_BLOCKS = YES;
				GCC_WARN_64_TO_32_BIT_CONVERSION = YES;
				GCC_WARN_ABOUT_RETURN_TYPE = YES_ERROR;
				GCC_WARN_UNDECLARED_SELECTOR = YES;
				GCC_WARN_UNINITIALIZED_AUTOS = YES_AGGRESSIVE;
				GCC_WARN_UNUSED_FUNCTION = YES;
				GCC_WARN_UNUSED_VARIABLE = YES;
				LOCALIZATION_PREFERS_STRING_CATALOGS = YES;
				MACOSX_DEPLOYMENT_TARGET = 14.0;
				MTL_ENABLE_DEBUG_INFO = NO;
				MTL_FAST_MATH = YES;
				SDKROOT = macosx;
				SWIFT_COMPILATION_MODE = wholemodule;
			};
			name = Release;
		};
		6BB970952AD13B2B00A6E46E /* Debug */ = {
			isa = XCBuildConfiguration;
			buildSettings = {
				ASSETCATALOG_COMPILER_APPICON_NAME = AppIcon;
				ASSETCATALOG_COMPILER_GLOBAL_ACCENT_COLOR_NAME = AccentColor;
				CODE_SIGN_ENTITLEMENTS = DocumentSummarizer/DocumentSummarizer.entitlements;
				CODE_SIGN_STYLE = Automatic;
				COMBINE_HIDPI_IMAGES = YES;
				CURRENT_PROJECT_VERSION = 1;
				DEVELOPMENT_ASSET_PATHS = "\"DocumentSummarizer/Preview Content\"";
				ENABLE_PREVIEWS = YES;
				GENERATE_INFOPLIST_FILE = YES;
				INFOPLIST_FILE = DocumentSummarizer/Info.plist;
				INFOPLIST_KEY_CFBundleDisplayName = "Document AI";
				INFOPLIST_KEY_LSApplicationCategoryType = "public.app-category.education";
				INFOPLIST_KEY_NSHumanReadableCopyright = "";
				LD_RUNPATH_SEARCH_PATHS = (
					"$(inherited)",
					"@executable_path/../Frameworks",
				);
				MARKETING_VERSION = 1.0;
				PRODUCT_BUNDLE_IDENTIFIER = com.johnamcruz.DocumentSummarizer;
				PRODUCT_NAME = "$(TARGET_NAME)";
				SUPPORTED_PLATFORMS = "iphoneos iphonesimulator macosx";
				SUPPORTS_MACCATALYST = NO;
				SWIFT_EMIT_LOC_STRINGS = YES;
				SWIFT_VERSION = 5.0;
				TARGETED_DEVICE_FAMILY = 2;
			};
			name = Debug;
		};
		6BB970962AD13B2B00A6E46E /* Release */ = {
			isa = XCBuildConfiguration;
			buildSettings = {
				ASSETCATALOG_COMPILER_APPICON_NAME = AppIcon;
				ASSETCATALOG_COMPILER_GLOBAL_ACCENT_COLOR_NAME = AccentColor;
				CODE_SIGN_ENTITLEMENTS = DocumentSummarizer/DocumentSummarizer.entitlements;
				CODE_SIGN_STYLE = Automatic;
				COMBINE_HIDPI_IMAGES = YES;
				CURRENT_PROJECT_VERSION = 1;
				DEVELOPMENT_ASSET_PATHS = "\"DocumentSummarizer/Preview Content\"";
				ENABLE_PREVIEWS = YES;
				GENERATE_INFOPLIST_FILE = YES;
				INFOPLIST_FILE = DocumentSummarizer/Info.plist;
				INFOPLIST_KEY_CFBundleDisplayName = "Document AI";
				INFOPLIST_KEY_LSApplicationCategoryType = "public.app-category.education";
				INFOPLIST_KEY_NSHumanReadableCopyright = "";
				LD_RUNPATH_SEARCH_PATHS = (
					"$(inherited)",
					"@executable_path/../Frameworks",
				);
				MARKETING_VERSION = 1.0;
				PRODUCT_BUNDLE_IDENTIFIER = com.johnamcruz.DocumentSummarizer;
				PRODUCT_NAME = "$(TARGET_NAME)";
				SUPPORTED_PLATFORMS = "iphoneos iphonesimulator macosx";
				SUPPORTS_MACCATALYST = NO;
				SWIFT_EMIT_LOC_STRINGS = YES;
				SWIFT_VERSION = 5.0;
				TARGETED_DEVICE_FAMILY = 2;
			};
			name = Release;
		};
		6BE45D052AD3654E00D7DC08 /* Debug */ = {
			isa = XCBuildConfiguration;
			buildSettings = {
				BUNDLE_LOADER = "$(TEST_HOST)";
				CODE_SIGN_STYLE = Automatic;
				CURRENT_PROJECT_VERSION = 1;
				GENERATE_INFOPLIST_FILE = YES;
				MARKETING_VERSION = 1.0;
				PRODUCT_BUNDLE_IDENTIFIER = "com.johnamcruz.DocumentSummarizer-UnitTests";
				PRODUCT_NAME = "$(TARGET_NAME)";
				SWIFT_EMIT_LOC_STRINGS = NO;
				SWIFT_VERSION = 5.0;
				TEST_HOST = "$(BUILT_PRODUCTS_DIR)/DocumentSummarizer.app/$(BUNDLE_EXECUTABLE_FOLDER_PATH)/DocumentSummarizer";
			};
			name = Debug;
		};
		6BE45D062AD3654E00D7DC08 /* Release */ = {
			isa = XCBuildConfiguration;
			buildSettings = {
				BUNDLE_LOADER = "$(TEST_HOST)";
				CODE_SIGN_STYLE = Automatic;
				CURRENT_PROJECT_VERSION = 1;
				GENERATE_INFOPLIST_FILE = YES;
				MARKETING_VERSION = 1.0;
				PRODUCT_BUNDLE_IDENTIFIER = "com.johnamcruz.DocumentSummarizer-UnitTests";
				PRODUCT_NAME = "$(TARGET_NAME)";
				SWIFT_EMIT_LOC_STRINGS = NO;
				SWIFT_VERSION = 5.0;
				TEST_HOST = "$(BUILT_PRODUCTS_DIR)/DocumentSummarizer.app/$(BUNDLE_EXECUTABLE_FOLDER_PATH)/DocumentSummarizer";
			};
			name = Release;
		};
/* End XCBuildConfiguration section */

/* Begin XCConfigurationList section */
		6BB9707D2AD13B2A00A6E46E /* Build configuration list for PBXProject "DocumentSummarizer" */ = {
			isa = XCConfigurationList;
			buildConfigurations = (
				6BB970922AD13B2B00A6E46E /* Debug */,
				6BB970932AD13B2B00A6E46E /* Release */,
			);
			defaultConfigurationIsVisible = 0;
			defaultConfigurationName = Release;
		};
		6BB970942AD13B2B00A6E46E /* Build configuration list for PBXNativeTarget "DocumentSummarizer" */ = {
			isa = XCConfigurationList;
			buildConfigurations = (
				6BB970952AD13B2B00A6E46E /* Debug */,
				6BB970962AD13B2B00A6E46E /* Release */,
			);
			defaultConfigurationIsVisible = 0;
			defaultConfigurationName = Release;
		};
		6BE45D042AD3654E00D7DC08 /* Build configuration list for PBXNativeTarget "DocumentSummarizer.UnitTests" */ = {
			isa = XCConfigurationList;
			buildConfigurations = (
				6BE45D052AD3654E00D7DC08 /* Debug */,
				6BE45D062AD3654E00D7DC08 /* Release */,
			);
			defaultConfigurationIsVisible = 0;
			defaultConfigurationName = Release;
		};
/* End XCConfigurationList section */

/* Begin XCRemoteSwiftPackageReference section */
		6BB970B52AD2618500A6E46E /* XCRemoteSwiftPackageReference "swift-transformers" */ = {
			isa = XCRemoteSwiftPackageReference;
			repositoryURL = "https://github.com/huggingface/swift-transformers";
			requirement = {
				kind = upToNextMajorVersion;
				minimumVersion = 0.1.0;
			};
		};
/* End XCRemoteSwiftPackageReference section */

/* Begin XCSwiftPackageProductDependency section */
		6BB970B62AD2618500A6E46E /* Transformers */ = {
			isa = XCSwiftPackageProductDependency;
			package = 6BB970B52AD2618500A6E46E /* XCRemoteSwiftPackageReference "swift-transformers" */;
			productName = Transformers;
		};
		6BB970B82AD2618500A6E46E /* transformers */ = {
			isa = XCSwiftPackageProductDependency;
			package = 6BB970B52AD2618500A6E46E /* XCRemoteSwiftPackageReference "swift-transformers" */;
			productName = transformers;
		};
/* End XCSwiftPackageProductDependency section */
	};
	rootObject = 6BB9707A2AD13B2A00A6E46E /* Project object */;
}
